
Microsoft Visual Studio Solution File, Format Version 12.00
# Visual Studio 2012
Project("{F2A71F9B-5D33-465A-A702-920D77279786}") = "Example01", "Example01\Example01.fsproj", "{626332A3-544B-4810-A138-40C6841B384E}"
EndProject
Project("{F2A71F9B-5D33-465A-A702-920D77279786}") = "Example02", "Example02\Example02.fsproj", "{AB324615-A07A-4CEC-A14A-9B8DFB5DFBF4}"
EndProject
Project("{F2A71F9B-5D33-465A-A702-920D77279786}") = "Example03", "Example03\Example03.fsproj", "{2B7B8811-0B23-4B57-A13F-D203699A5FF2}"
EndProject
Project("{F2A71F9B-5D33-465A-A702-920D77279786}") = "Example04", "Example04\Example04.fsproj", "{33AEA5C9-D268-4318-818D-9F4AF2C30000}"
EndProject
Project("{F2A71F9B-5D33-465A-A702-920D77279786}") = "Example05", "Example05\Example05.fsproj", "{E45E180B-D0AA-43A5-A08F-E51AB5FBDE76}"
EndProject
Project("{F2A71F9B-5D33-465A-A702-920D77279786}") = "Example06", "Example06\Example06.fsproj", "{BD7BADFB-6EB0-43F3-91ED-BA0C0FDBB68E}"
EndProject
Project("{2150E333-8FDC-42A3-9474-1A3956D46DE8}") = "Solution Items", "Solution Items", "{19745CF3-7F1E-43B4-BF06-DB6A0E04D767}"
	ProjectSection(SolutionItems) = preProject
		README.md = README.md
	EndProjectSection
EndProject
Project("{F2A71F9B-5D33-465A-A702-920D77279786}") = "Example07", "Example07\Example07.fsproj", "{162BBF58-3D22-459B-AD2B-ED66DC6FA106}"
EndProject
Project("{F2A71F9B-5D33-465A-A702-920D77279786}") = "Example08", "Example08\Example08.fsproj", "{D99AD474-C134-4733-ACED-29C7E4BD7661}"
EndProject
Project("{F2A71F9B-5D33-465A-A702-920D77279786}") = "Example09", "Example09\Example09.fsproj", "{1C62EFE6-B110-47BA-B156-B0082A8EF02C}"
EndProject
Global
	GlobalSection(SolutionConfigurationPlatforms) = preSolution
		Debug|Any CPU = Debug|Any CPU
		Release|Any CPU = Release|Any CPU
	EndGlobalSection
	GlobalSection(ProjectConfigurationPlatforms) = postSolution
		{626332A3-544B-4810-A138-40C6841B384E}.Debug|Any CPU.ActiveCfg = Debug|Any CPU
		{626332A3-544B-4810-A138-40C6841B384E}.Debug|Any CPU.Build.0 = Debug|Any CPU
		{626332A3-544B-4810-A138-40C6841B384E}.Release|Any CPU.ActiveCfg = Release|Any CPU
		{626332A3-544B-4810-A138-40C6841B384E}.Release|Any CPU.Build.0 = Release|Any CPU
		{AB324615-A07A-4CEC-A14A-9B8DFB5DFBF4}.Debug|Any CPU.ActiveCfg = Debug|Any CPU
		{AB324615-A07A-4CEC-A14A-9B8DFB5DFBF4}.Debug|Any CPU.Build.0 = Debug|Any CPU
		{AB324615-A07A-4CEC-A14A-9B8DFB5DFBF4}.Release|Any CPU.ActiveCfg = Release|Any CPU
		{AB324615-A07A-4CEC-A14A-9B8DFB5DFBF4}.Release|Any CPU.Build.0 = Release|Any CPU
		{2B7B8811-0B23-4B57-A13F-D203699A5FF2}.Debug|Any CPU.ActiveCfg = Debug|Any CPU
		{2B7B8811-0B23-4B57-A13F-D203699A5FF2}.Debug|Any CPU.Build.0 = Debug|Any CPU
		{2B7B8811-0B23-4B57-A13F-D203699A5FF2}.Release|Any CPU.ActiveCfg = Release|Any CPU
		{2B7B8811-0B23-4B57-A13F-D203699A5FF2}.Release|Any CPU.Build.0 = Release|Any CPU
		{33AEA5C9-D268-4318-818D-9F4AF2C30000}.Debug|Any CPU.ActiveCfg = Debug|Any CPU
		{33AEA5C9-D268-4318-818D-9F4AF2C30000}.Debug|Any CPU.Build.0 = Debug|Any CPU
		{33AEA5C9-D268-4318-818D-9F4AF2C30000}.Release|Any CPU.ActiveCfg = Release|Any CPU
		{33AEA5C9-D268-4318-818D-9F4AF2C30000}.Release|Any CPU.Build.0 = Release|Any CPU
		{E45E180B-D0AA-43A5-A08F-E51AB5FBDE76}.Debug|Any CPU.ActiveCfg = Debug|Any CPU
		{E45E180B-D0AA-43A5-A08F-E51AB5FBDE76}.Debug|Any CPU.Build.0 = Debug|Any CPU
		{E45E180B-D0AA-43A5-A08F-E51AB5FBDE76}.Release|Any CPU.ActiveCfg = Release|Any CPU
		{E45E180B-D0AA-43A5-A08F-E51AB5FBDE76}.Release|Any CPU.Build.0 = Release|Any CPU
		{BD7BADFB-6EB0-43F3-91ED-BA0C0FDBB68E}.Debug|Any CPU.ActiveCfg = Debug|Any CPU
		{BD7BADFB-6EB0-43F3-91ED-BA0C0FDBB68E}.Debug|Any CPU.Build.0 = Debug|Any CPU
		{BD7BADFB-6EB0-43F3-91ED-BA0C0FDBB68E}.Release|Any CPU.ActiveCfg = Release|Any CPU
		{BD7BADFB-6EB0-43F3-91ED-BA0C0FDBB68E}.Release|Any CPU.Build.0 = Release|Any CPU
		{162BBF58-3D22-459B-AD2B-ED66DC6FA106}.Debug|Any CPU.ActiveCfg = Debug|Any CPU
		{162BBF58-3D22-459B-AD2B-ED66DC6FA106}.Debug|Any CPU.Build.0 = Debug|Any CPU
		{162BBF58-3D22-459B-AD2B-ED66DC6FA106}.Release|Any CPU.ActiveCfg = Release|Any CPU
		{162BBF58-3D22-459B-AD2B-ED66DC6FA106}.Release|Any CPU.Build.0 = Release|Any CPU
		{D99AD474-C134-4733-ACED-29C7E4BD7661}.Debug|Any CPU.ActiveCfg = Debug|Any CPU
		{D99AD474-C134-4733-ACED-29C7E4BD7661}.Debug|Any CPU.Build.0 = Debug|Any CPU
		{D99AD474-C134-4733-ACED-29C7E4BD7661}.Release|Any CPU.ActiveCfg = Release|Any CPU
		{D99AD474-C134-4733-ACED-29C7E4BD7661}.Release|Any CPU.Build.0 = Release|Any CPU
		{1C62EFE6-B110-47BA-B156-B0082A8EF02C}.Debug|Any CPU.ActiveCfg = Debug|Any CPU
		{1C62EFE6-B110-47BA-B156-B0082A8EF02C}.Debug|Any CPU.Build.0 = Debug|Any CPU
		{1C62EFE6-B110-47BA-B156-B0082A8EF02C}.Release|Any CPU.ActiveCfg = Release|Any CPU
		{1C62EFE6-B110-47BA-B156-B0082A8EF02C}.Release|Any CPU.Build.0 = Release|Any CPU
	EndGlobalSection
	GlobalSection(SolutionProperties) = preSolution
		HideSolutionNode = FALSE
	EndGlobalSection
EndGlobal
