
Microsoft Visual Studio Solution File, Format Version 12.00
# Visual Studio 2012
Project("{F2A71F9B-5D33-465A-A702-920D77279786}") = "Example01", "Example01\Example01.fsproj", "{626332A3-544B-4810-A138-40C6841B384E}"
EndProject
Project("{F2A71F9B-5D33-465A-A702-920D77279786}") = "Example02", "Example02\Example02.fsproj", "{AB324615-A07A-4CEC-A14A-9B8DFB5DFBF4}"
EndProject
Project("{F2A71F9B-5D33-465A-A702-920D77279786}") = "Example03", "Example03\Example03.fsproj", "{2B7B8811-0B23-4B57-A13F-D203699A5FF2}"
EndProject
Project("{F2A71F9B-5D33-465A-A702-920D77279786}") = "Example04", "Example04\Example04.fsproj", "{33AEA5C9-D268-4318-818D-9F4AF2C30000}"
EndProject
Global
	GlobalSection(SolutionConfigurationPlatforms) = preSolution
		Debug|Any CPU = Debug|Any CPU
		Release|Any CPU = Release|Any CPU
	EndGlobalSection
	GlobalSection(ProjectConfigurationPlatforms) = postSolution
		{626332A3-544B-4810-A138-40C6841B384E}.Debug|Any CPU.ActiveCfg = Debug|Any CPU
		{626332A3-544B-4810-A138-40C6841B384E}.Debug|Any CPU.Build.0 = Debug|Any CPU
		{626332A3-544B-4810-A138-40C6841B384E}.Release|Any CPU.ActiveCfg = Release|Any CPU
		{626332A3-544B-4810-A138-40C6841B384E}.Release|Any CPU.Build.0 = Release|Any CPU
		{AB324615-A07A-4CEC-A14A-9B8DFB5DFBF4}.Debug|Any CPU.ActiveCfg = Debug|Any CPU
		{AB324615-A07A-4CEC-A14A-9B8DFB5DFBF4}.Debug|Any CPU.Build.0 = Debug|Any CPU
		{AB324615-A07A-4CEC-A14A-9B8DFB5DFBF4}.Release|Any CPU.ActiveCfg = Release|Any CPU
		{AB324615-A07A-4CEC-A14A-9B8DFB5DFBF4}.Release|Any CPU.Build.0 = Release|Any CPU
		{2B7B8811-0B23-4B57-A13F-D203699A5FF2}.Debug|Any CPU.ActiveCfg = Debug|Any CPU
		{2B7B8811-0B23-4B57-A13F-D203699A5FF2}.Debug|Any CPU.Build.0 = Debug|Any CPU
		{2B7B8811-0B23-4B57-A13F-D203699A5FF2}.Release|Any CPU.ActiveCfg = Release|Any CPU
		{2B7B8811-0B23-4B57-A13F-D203699A5FF2}.Release|Any CPU.Build.0 = Release|Any CPU
		{33AEA5C9-D268-4318-818D-9F4AF2C30000}.Debug|Any CPU.ActiveCfg = Debug|Any CPU
		{33AEA5C9-D268-4318-818D-9F4AF2C30000}.Debug|Any CPU.Build.0 = Debug|Any CPU
		{33AEA5C9-D268-4318-818D-9F4AF2C30000}.Release|Any CPU.ActiveCfg = Release|Any CPU
		{33AEA5C9-D268-4318-818D-9F4AF2C30000}.Release|Any CPU.Build.0 = Release|Any CPU
	EndGlobalSection
	GlobalSection(SolutionProperties) = preSolution
		HideSolutionNode = FALSE
	EndGlobalSection
EndGlobal
